
Microsoft Visual Studio Solution File, Format Version 12.00
# Visual Studio Version 17
VisualStudioVersion = 17.11.35327.3
MinimumVisualStudioVersion = 10.0.40219.1
Project("{FAE04EC0-301F-11D3-BF4B-00C04F79EFBC}") = "MediaGeralPOO", "MediaGeralPOO\MediaGeralPOO.csproj", "{F0CAEE83-BD1B-45D1-93A0-A1E095EE15F4}"
EndProject
Global
	GlobalSection(SolutionConfigurationPlatforms) = preSolution
		Debug|Any CPU = Debug|Any CPU
		Release|Any CPU = Release|Any CPU
	EndGlobalSection
	GlobalSection(ProjectConfigurationPlatforms) = postSolution
		{F0CAEE83-BD1B-45D1-93A0-A1E095EE15F4}.Debug|Any CPU.ActiveCfg = Debug|Any CPU
		{F0CAEE83-BD1B-45D1-93A0-A1E095EE15F4}.Debug|Any CPU.Build.0 = Debug|Any CPU
		{F0CAEE83-BD1B-45D1-93A0-A1E095EE15F4}.Release|Any CPU.ActiveCfg = Release|Any CPU
		{F0CAEE83-BD1B-45D1-93A0-A1E095EE15F4}.Release|Any CPU.Build.0 = Release|Any CPU
	EndGlobalSection
	GlobalSection(SolutionProperties) = preSolution
		HideSolutionNode = FALSE
	EndGlobalSection
	GlobalSection(ExtensibilityGlobals) = postSolution
		SolutionGuid = {38E3319E-34A6-4320-A72B-99F515484E5F}
	EndGlobalSection
EndGlobal
